
Microsoft Visual Studio Solution File, Format Version 12.00
# Visual Studio Version 17
VisualStudioVersion = 17.6.33723.286
MinimumVisualStudioVersion = 10.0.40219.1
Project("{8BC9CEB8-8B4A-11D0-8D11-00A0C91BC942}") = "0075_Class_Access_Modifiers", "0075_Class_Access_Modifiers.vcxproj", "{11F33D63-5840-4D6A-9A35-FCD50D0611F8}"
EndProject
Global
	GlobalSection(SolutionConfigurationPlatforms) = preSolution
		Debug|x64 = Debug|x64
		Debug|x86 = Debug|x86
		Release|x64 = Release|x64
		Release|x86 = Release|x86
	EndGlobalSection
	GlobalSection(ProjectConfigurationPlatforms) = postSolution
		{11F33D63-5840-4D6A-9A35-FCD50D0611F8}.Debug|x64.ActiveCfg = Debug|x64
		{11F33D63-5840-4D6A-9A35-FCD50D0611F8}.Debug|x64.Build.0 = Debug|x64
		{11F33D63-5840-4D6A-9A35-FCD50D0611F8}.Debug|x86.ActiveCfg = Debug|Win32
		{11F33D63-5840-4D6A-9A35-FCD50D0611F8}.Debug|x86.Build.0 = Debug|Win32
		{11F33D63-5840-4D6A-9A35-FCD50D0611F8}.Release|x64.ActiveCfg = Release|x64
		{11F33D63-5840-4D6A-9A35-FCD50D0611F8}.Release|x64.Build.0 = Release|x64
		{11F33D63-5840-4D6A-9A35-FCD50D0611F8}.Release|x86.ActiveCfg = Release|Win32
		{11F33D63-5840-4D6A-9A35-FCD50D0611F8}.Release|x86.Build.0 = Release|Win32
	EndGlobalSection
	GlobalSection(SolutionProperties) = preSolution
		HideSolutionNode = FALSE
	EndGlobalSection
	GlobalSection(ExtensibilityGlobals) = postSolution
		SolutionGuid = {A84C5428-F4B4-4777-A4E6-9C244FB24D89}
	EndGlobalSection
EndGlobal
