
Microsoft Visual Studio Solution File, Format Version 12.00
# Visual Studio Version 17
VisualStudioVersion = 17.6.33723.286
MinimumVisualStudioVersion = 10.0.40219.1
Project("{8BC9CEB8-8B4A-11D0-8D11-00A0C91BC942}") = "0120_try_catch", "0120_try_catch.vcxproj", "{DBAC5696-8298-46A4-881F-EF6E440C7A16}"
EndProject
Global
	GlobalSection(SolutionConfigurationPlatforms) = preSolution
		Debug|x64 = Debug|x64
		Debug|x86 = Debug|x86
		Release|x64 = Release|x64
		Release|x86 = Release|x86
	EndGlobalSection
	GlobalSection(ProjectConfigurationPlatforms) = postSolution
		{DBAC5696-8298-46A4-881F-EF6E440C7A16}.Debug|x64.ActiveCfg = Debug|x64
		{DBAC5696-8298-46A4-881F-EF6E440C7A16}.Debug|x64.Build.0 = Debug|x64
		{DBAC5696-8298-46A4-881F-EF6E440C7A16}.Debug|x86.ActiveCfg = Debug|Win32
		{DBAC5696-8298-46A4-881F-EF6E440C7A16}.Debug|x86.Build.0 = Debug|Win32
		{DBAC5696-8298-46A4-881F-EF6E440C7A16}.Release|x64.ActiveCfg = Release|x64
		{DBAC5696-8298-46A4-881F-EF6E440C7A16}.Release|x64.Build.0 = Release|x64
		{DBAC5696-8298-46A4-881F-EF6E440C7A16}.Release|x86.ActiveCfg = Release|Win32
		{DBAC5696-8298-46A4-881F-EF6E440C7A16}.Release|x86.Build.0 = Release|Win32
	EndGlobalSection
	GlobalSection(SolutionProperties) = preSolution
		HideSolutionNode = FALSE
	EndGlobalSection
	GlobalSection(ExtensibilityGlobals) = postSolution
		SolutionGuid = {20D35F45-99EB-4246-A324-2966A704E14C}
	EndGlobalSection
EndGlobal
