
Microsoft Visual Studio Solution File, Format Version 12.00
# Visual Studio Version 17
VisualStudioVersion = 17.6.33723.286
MinimumVisualStudioVersion = 10.0.40219.1
Project("{8BC9CEB8-8B4A-11D0-8D11-00A0C91BC942}") = "0118_File_fstream", "0118_File_fstream.vcxproj", "{61BBD4B0-3864-4F9D-8598-509D6AAEB11F}"
EndProject
Global
	GlobalSection(SolutionConfigurationPlatforms) = preSolution
		Debug|x64 = Debug|x64
		Debug|x86 = Debug|x86
		Release|x64 = Release|x64
		Release|x86 = Release|x86
	EndGlobalSection
	GlobalSection(ProjectConfigurationPlatforms) = postSolution
		{61BBD4B0-3864-4F9D-8598-509D6AAEB11F}.Debug|x64.ActiveCfg = Debug|x64
		{61BBD4B0-3864-4F9D-8598-509D6AAEB11F}.Debug|x64.Build.0 = Debug|x64
		{61BBD4B0-3864-4F9D-8598-509D6AAEB11F}.Debug|x86.ActiveCfg = Debug|Win32
		{61BBD4B0-3864-4F9D-8598-509D6AAEB11F}.Debug|x86.Build.0 = Debug|Win32
		{61BBD4B0-3864-4F9D-8598-509D6AAEB11F}.Release|x64.ActiveCfg = Release|x64
		{61BBD4B0-3864-4F9D-8598-509D6AAEB11F}.Release|x64.Build.0 = Release|x64
		{61BBD4B0-3864-4F9D-8598-509D6AAEB11F}.Release|x86.ActiveCfg = Release|Win32
		{61BBD4B0-3864-4F9D-8598-509D6AAEB11F}.Release|x86.Build.0 = Release|Win32
	EndGlobalSection
	GlobalSection(SolutionProperties) = preSolution
		HideSolutionNode = FALSE
	EndGlobalSection
	GlobalSection(ExtensibilityGlobals) = postSolution
		SolutionGuid = {E0BD1CD0-1B32-41F0-BF3C-BE795467A31F}
	EndGlobalSection
EndGlobal
